
Microsoft Visual Studio Solution File, Format Version 12.00
# Visual Studio Version 16
VisualStudioVersion = 16.0.29424.173
MinimumVisualStudioVersion = 10.0.40219.1
Project("{FAE04EC0-301F-11D3-BF4B-00C04F79EFBC}") = "BookwormUWPServices", "BookwormUWPServices.csproj", "{C7FCC727-F6FB-426F-B826-DF50E18AF904}"
EndProject
Global
	GlobalSection(SolutionConfigurationPlatforms) = preSolution
		Debug|Any CPU = Debug|Any CPU
		Debug|ARM = Debug|ARM
		Debug|ARM64 = Debug|ARM64
		Debug|x64 = Debug|x64
		Debug|x86 = Debug|x86
		Release|Any CPU = Release|Any CPU
		Release|ARM = Release|ARM
		Release|ARM64 = Release|ARM64
		Release|x64 = Release|x64
		Release|x86 = Release|x86
	EndGlobalSection
	GlobalSection(ProjectConfigurationPlatforms) = postSolution
		{C7FCC727-F6FB-426F-B826-DF50E18AF904}.Debug|Any CPU.ActiveCfg = Debug|Any CPU
		{C7FCC727-F6FB-426F-B826-DF50E18AF904}.Debug|Any CPU.Build.0 = Debug|Any CPU
		{C7FCC727-F6FB-426F-B826-DF50E18AF904}.Debug|ARM.ActiveCfg = Debug|ARM
		{C7FCC727-F6FB-426F-B826-DF50E18AF904}.Debug|ARM.Build.0 = Debug|ARM
		{C7FCC727-F6FB-426F-B826-DF50E18AF904}.Debug|ARM64.ActiveCfg = Debug|ARM64
		{C7FCC727-F6FB-426F-B826-DF50E18AF904}.Debug|ARM64.Build.0 = Debug|ARM64
		{C7FCC727-F6FB-426F-B826-DF50E18AF904}.Debug|x64.ActiveCfg = Debug|x64
		{C7FCC727-F6FB-426F-B826-DF50E18AF904}.Debug|x64.Build.0 = Debug|x64
		{C7FCC727-F6FB-426F-B826-DF50E18AF904}.Debug|x86.ActiveCfg = Debug|x86
		{C7FCC727-F6FB-426F-B826-DF50E18AF904}.Debug|x86.Build.0 = Debug|x86
		{C7FCC727-F6FB-426F-B826-DF50E18AF904}.Release|Any CPU.ActiveCfg = Release|Any CPU
		{C7FCC727-F6FB-426F-B826-DF50E18AF904}.Release|Any CPU.Build.0 = Release|Any CPU
		{C7FCC727-F6FB-426F-B826-DF50E18AF904}.Release|ARM.ActiveCfg = Release|ARM
		{C7FCC727-F6FB-426F-B826-DF50E18AF904}.Release|ARM.Build.0 = Release|ARM
		{C7FCC727-F6FB-426F-B826-DF50E18AF904}.Release|ARM64.ActiveCfg = Release|ARM64
		{C7FCC727-F6FB-426F-B826-DF50E18AF904}.Release|ARM64.Build.0 = Release|ARM64
		{C7FCC727-F6FB-426F-B826-DF50E18AF904}.Release|x64.ActiveCfg = Release|x64
		{C7FCC727-F6FB-426F-B826-DF50E18AF904}.Release|x64.Build.0 = Release|x64
		{C7FCC727-F6FB-426F-B826-DF50E18AF904}.Release|x86.ActiveCfg = Release|x86
		{C7FCC727-F6FB-426F-B826-DF50E18AF904}.Release|x86.Build.0 = Release|x86
	EndGlobalSection
	GlobalSection(SolutionProperties) = preSolution
		HideSolutionNode = FALSE
	EndGlobalSection
	GlobalSection(ExtensibilityGlobals) = postSolution
		SolutionGuid = {EFB08E37-5C8A-4F75-AA96-3628C956E6E6}
	EndGlobalSection
EndGlobal
